{
    "_meta": {
        "hash": {
            "sha256": "4e044a01b3cf0f50793a954f063c3bf87fd44b067db5e7a7a1a12726413342cd"
        },
        "pipfile-spec": 6,
        "requires": {
            "python_version": "3.10"
        },
        "sources": [
            {
                "name": "pypi",
                "url": "https://pypi.org/simple",
                "verify_ssl": true
            }
        ]
    },
    "default": {
        "altgraph": {
            "hashes": [
                "sha256:ad33358114df7c9416cdb8fa1eaa5852166c505118717021c6a8c7c7abbd03dd",
                "sha256:c8ac1ca6772207179ed8003ce7687757c04b0b71536f81e2ac5755c6226458fe"
            ],
            "version": "==0.17.3"
        },
        "future": {
            "hashes": [
                "sha256:b1bead90b70cf6ec3f0710ae53a525360fa360d306a86583adc6bf83a4db537d"
            ],
            "markers": "python_version >= '2.6' and python_version not in '3.0, 3.1, 3.2, 3.3'",
            "version": "==0.18.2"
        },
        "keyboard": {
            "hashes": [
                "sha256:63ed83305955939ca5c9a73755e5cc43e8242263f5ad5fd3bb7e0b032f3d308b",
                "sha256:8e9c2422f1217e0bd84489b9ecd361027cc78415828f4fe4f88dd4acd587947b"
            ],
            "index": "pypi",
            "version": "==0.13.5"
        },
        "pefile": {
            "hashes": [
                "sha256:a5488a3dd1fd021ce33f969780b88fe0f7eebb76eb20996d7318f307612a045b"
            ],
            "markers": "sys_platform == 'win32'",
            "version": "==2022.5.30"
        },
        "pyinstaller": {
            "hashes": [
                "sha256:2a2fc8755b00cc1ea4d89bb81f8ada8c2afe0d13a7f7b35020e8a694d6882c9e",
                "sha256:47a63d42ceb73355bf3afec51109ee3f5b3893f068be821a6735cada229ab680",
                "sha256:5f8834af70a6e080ab4fe53ec2b8b4fdfcc0106bd8db7cc27da9a8973ecffe05",
                "sha256:838e0a385355e55833f2ac62e75290f345d0b57bad53f08742c28a7cb96e91c8",
                "sha256:88993dfc6429dce8dd1f9a73c08e259af71dd3a227d3002ccb8e959151757dc3",
                "sha256:91c0947063f49b21476e374662f62b00d0cf5a97ad6851c12124280409aebbd1",
                "sha256:94e947980c7d9b7e422f4af9885f12560cb546ee2017fb0f2c8af5a9a309c63f",
                "sha256:9e8950c599847d15e7d7b8c18073fab267d7d3d41650a64c46278b97655076d3",
                "sha256:c7326298be50adcdf799e9b3f880543b925be7341cb1ac2a1e5b1a47b9dc3183",
                "sha256:d06378354b8d3d08309fddb230c813fc750848d71156274c15afdfedd56f57cf",
                "sha256:d902a9b669f90665a3abe5d0f176784fc3f2e1320d6c98df0bd1457c77ca706a"
            ],
            "index": "pypi",
            "version": "==5.5"
        },
        "pyinstaller-hooks-contrib": {
            "hashes": [
                "sha256:d1dd6ea059dc30e77813cc12a5efa8b1d228e7da8f5b884fe11775f946db1784",
                "sha256:e5edd4094175e78c178ef987b61be19efff6caa23d266ade456fc753e847f62e"
            ],
            "markers": "python_version >= '3.7'",
            "version": "==2022.10"
        },
        "pynput": {
            "hashes": [
                "sha256:19861b2a0c430d646489852f89500e0c9332e295f2c020e7c2775e7046aa2e2f",
                "sha256:264429fbe676e98e9050ad26a7017453bdd08768adb25cafb918347cf9f1eb4a",
                "sha256:3a5726546da54116b687785d38b1db56997ce1d28e53e8d22fc656d8b92e533c"
            ],
            "index": "pypi",
            "version": "==1.7.6"
        },
        "pyqt6": {
            "hashes": [
                "sha256:37e399420866fff5c5bd49f56710dffd3a7a126afc6612b877d666f381bd554f",
                "sha256:79d093ce97010eac92e83a4e8efe231328af9ec757ba78c77e46ca1e007eca0d",
                "sha256:8e614cc4b95dec8bec8ba3c3eaf821058b45862e66d69a8c4fb5576123f2be98",
                "sha256:91392469be1f491905fa9e78fa4e4059a89ab616ddf2ecfd525bc1d65c26bb93"
            ],
            "index": "pypi",
            "version": "==6.4.0"
        },
        "pyqt6-qt6": {
            "hashes": [
                "sha256:38cfedf942f6982e2492234c4912a6f9ae0d54430313ba32297b7d673adaa11d",
                "sha256:9f53036e3c7e0f17eabf6e89689279f3fc4895747b29c0c22d547ba57a087a8b",
                "sha256:adee1f98678adebf14cdf4ea1f95cf00b6a644c14e9a79136166d0060de72dfc",
                "sha256:fe846c6f89c4ca720ec03c85ec31ac6cc3ffbe8bf5e780f25f99a4cac3372f7c"
            ],
            "version": "==6.4.0"
        },
        "pyqt6-sip": {
            "hashes": [
                "sha256:2694ae67811cefb6ea3ee0e9995755b45e4952f4dcadec8c04300fd828f91c75",
                "sha256:3486914137f5336cff6e10a5e9d52c1e60ff883473938b45f267f794daeacb2f",
                "sha256:3ac7e0800180202dcc0c7035ff88c2a6f4a0f5acb20c4a19f71d807d0f7857b7",
                "sha256:3de18c4a32f717a351d560a39f528af24077f5135aacfa8890a2f2d79f0633da",
                "sha256:6d87a3ee5872d7511b76957d68a32109352caf3b7a42a01d9ee20032b350d979",
                "sha256:802b0cfed19900183220c46895c2635f0dd062f2d275a25506423f911ef74db4",
                "sha256:83b446d247a92d119d507dbc94fc1f47389d8118a5b6232a2859951157319a30",
                "sha256:9c5231536e6153071b22175e46e368045fd08d772a90d772a0977d1166c7822c",
                "sha256:9e03c780846fd5d71c06e33322fd11a05713d9cd410e3571d069ac9a84077647",
                "sha256:bb4f2e2fdcf3a8dafe4256750bbedd9e7107c4fd8afa9c25be28423c36bb12b8",
                "sha256:cfdcd43e123bd55c155cfe7a33895033e6d25de90a48ed9c25a0ddd0196a810e",
                "sha256:de601187055d684b36ebe6e800a5deacaa55b69d71ad43312b76422cfeae0e12",
                "sha256:fd2df2a9479b8ac858117bd55dc0ec0bd1ce6c8f3486b0cc5e860c0540a8bba0"
            ],
            "markers": "python_version >= '3.7'",
            "version": "==13.4.0"
        },
        "pywin32-ctypes": {
            "hashes": [
                "sha256:24ffc3b341d457d48e8922352130cf2644024a4ff09762a2261fd34c36ee5942",
                "sha256:9dc2d991b3479cc2df15930958b674a48a227d5361d413827a4cfd0b5876fc98"
            ],
            "markers": "sys_platform == 'win32'",
            "version": "==0.2.0"
        },
        "setuptools": {
            "hashes": [
                "sha256:512e5536220e38146176efb833d4a62aa726b7bbff82cfbc8ba9eaa3996e0b17",
                "sha256:f62ea9da9ed6289bfe868cd6845968a2c854d1427f8548d52cae02a42b4f0356"
            ],
            "markers": "python_version >= '3.7'",
            "version": "==65.5.0"
        },
        "six": {
            "hashes": [
                "sha256:1e61c37477a1626458e36f7b1d82aa5c9b094fa4802892072e49de9c60c4c926",
                "sha256:8abb2f1d86890a2dfb989f9a77cfcfd3e47c2a354b01111771326f8aa26e0254"
            ],
            "markers": "python_version >= '2.7' and python_version not in '3.0, 3.1, 3.2, 3.3'",
            "version": "==1.16.0"
        }
    },
    "develop": {}
}
